
Microsoft Visual Studio Solution File, Format Version 12.00
# Visual Studio Version 17
VisualStudioVersion = 17.5.002.0
MinimumVisualStudioVersion = 10.0.40219.1
Project("{2150E333-8FDC-42A3-9474-1A3956D46DE8}") = "C-Sharp", "C-Sharp", "{7F5730E8-50E9-4FC2-ADB3-D1C11FBC2A41}"
EndProject
Project("{9A19103F-16F7-4668-BE54-9A1E7A4F7556}") = "search-client", "C-Sharp\margies-travel\search-client.csproj", "{386704DA-AA95-4C31-B663-5BAC01757FDD}"
EndProject
Global
	GlobalSection(SolutionConfigurationPlatforms) = preSolution
		Debug|Any CPU = Debug|Any CPU
		Release|Any CPU = Release|Any CPU
	EndGlobalSection
	GlobalSection(ProjectConfigurationPlatforms) = postSolution
		{386704DA-AA95-4C31-B663-5BAC01757FDD}.Debug|Any CPU.ActiveCfg = Debug|Any CPU
		{386704DA-AA95-4C31-B663-5BAC01757FDD}.Debug|Any CPU.Build.0 = Debug|Any CPU
		{386704DA-AA95-4C31-B663-5BAC01757FDD}.Release|Any CPU.ActiveCfg = Release|Any CPU
		{386704DA-AA95-4C31-B663-5BAC01757FDD}.Release|Any CPU.Build.0 = Release|Any CPU
	EndGlobalSection
	GlobalSection(SolutionProperties) = preSolution
		HideSolutionNode = FALSE
	EndGlobalSection
	GlobalSection(NestedProjects) = preSolution
		{386704DA-AA95-4C31-B663-5BAC01757FDD} = {7F5730E8-50E9-4FC2-ADB3-D1C11FBC2A41}
	EndGlobalSection
	GlobalSection(ExtensibilityGlobals) = postSolution
		SolutionGuid = {89EBF5C2-31D7-4CB6-AC40-B04BF601E844}
	EndGlobalSection
EndGlobal
