
Microsoft Visual Studio Solution File, Format Version 12.00
# Visual Studio Version 17
VisualStudioVersion = 17.5.002.0
MinimumVisualStudioVersion = 10.0.40219.1
Project("{9A19103F-16F7-4668-BE54-9A1E7A4F7556}") = "detect-faces", "detect-faces.csproj", "{635ED8AC-9C79-41C1-9BE5-CE8EF3427A69}"
EndProject
Global
	GlobalSection(SolutionConfigurationPlatforms) = preSolution
		Debug|Any CPU = Debug|Any CPU
		Release|Any CPU = Release|Any CPU
	EndGlobalSection
	GlobalSection(ProjectConfigurationPlatforms) = postSolution
		{635ED8AC-9C79-41C1-9BE5-CE8EF3427A69}.Debug|Any CPU.ActiveCfg = Debug|Any CPU
		{635ED8AC-9C79-41C1-9BE5-CE8EF3427A69}.Debug|Any CPU.Build.0 = Debug|Any CPU
		{635ED8AC-9C79-41C1-9BE5-CE8EF3427A69}.Release|Any CPU.ActiveCfg = Release|Any CPU
		{635ED8AC-9C79-41C1-9BE5-CE8EF3427A69}.Release|Any CPU.Build.0 = Release|Any CPU
	EndGlobalSection
	GlobalSection(SolutionProperties) = preSolution
		HideSolutionNode = FALSE
	EndGlobalSection
	GlobalSection(ExtensibilityGlobals) = postSolution
		SolutionGuid = {180F45D0-35D5-4D27-A6AF-EB2A4E67F695}
	EndGlobalSection
EndGlobal
